
Microsoft Visual Studio Solution File, Format Version 12.00
# Visual Studio Version 16
VisualStudioVersion = 16.0.29920.165
MinimumVisualStudioVersion = 10.0.40219.1
Project("{FAE04EC0-301F-11D3-BF4B-00C04F79EFBC}") = "GGXrdWakeupDPUtil", "GGXrdWakeupDPUtil\GGXrdWakeupDPUtil.csproj", "{22A91F28-F083-4E8D-95B4-D084781033C4}"
EndProject
Project("{FAE04EC0-301F-11D3-BF4B-00C04F79EFBC}") = "GGXrdWakeupDPUtil.Library", "GGXrdWakeupDPUtil.Library\GGXrdWakeupDPUtil.Library.csproj", "{A917CB67-743A-4E26-9C38-0EDEEE57D4CF}"
EndProject
Project("{FAE04EC0-301F-11D3-BF4B-00C04F79EFBC}") = "GGXrdWakeupDPUtil.Test", "GGXrdWakeupDPUtil.Test\GGXrdWakeupDPUtil.Test.csproj", "{E0E43215-1358-4E08-861F-6E70197A6EE2}"
EndProject
Project("{FAE04EC0-301F-11D3-BF4B-00C04F79EFBC}") = "GGXrdWakeupDPUtil.UnitTests", "GGXrdWakeupDPUtil.UnitTests\GGXrdWakeupDPUtil.UnitTests.csproj", "{C82809DD-084B-4C73-80F4-F3A87EA37382}"
EndProject
Project("{FAE04EC0-301F-11D3-BF4B-00C04F79EFBC}") = "GGXrdReversalTool.Library", "GGXrdReversalTool.Library\GGXrdReversalTool.Library.csproj", "{A3DE15F7-E921-4F72-98FD-B394F80F5960}"
EndProject
Project("{FAE04EC0-301F-11D3-BF4B-00C04F79EFBC}") = "GGXrdReversalTool", "GGXrdReversalTool\GGXrdReversalTool.csproj", "{6D166FF5-9618-42E0-BACC-DA87D550EFEF}"
EndProject
Project("{FAE04EC0-301F-11D3-BF4B-00C04F79EFBC}") = "GGXrdReversalTool.UnitTests", "GGXrdReversalTool.UnitTests\GGXrdReversalTool.UnitTests.csproj", "{B9F18EBD-E2E9-4DF6-8853-FD49E2132329}"
EndProject
Global
	GlobalSection(SolutionConfigurationPlatforms) = preSolution
		Debug|Any CPU = Debug|Any CPU
		Debug|x64 = Debug|x64
		Debug|x86 = Debug|x86
		Release|Any CPU = Release|Any CPU
		Release|x64 = Release|x64
		Release|x86 = Release|x86
	EndGlobalSection
	GlobalSection(ProjectConfigurationPlatforms) = postSolution
		{22A91F28-F083-4E8D-95B4-D084781033C4}.Debug|Any CPU.ActiveCfg = Debug|Any CPU
		{22A91F28-F083-4E8D-95B4-D084781033C4}.Debug|x64.ActiveCfg = Debug|x64
		{22A91F28-F083-4E8D-95B4-D084781033C4}.Debug|x64.Build.0 = Debug|x64
		{22A91F28-F083-4E8D-95B4-D084781033C4}.Debug|x86.ActiveCfg = Debug|x86
		{22A91F28-F083-4E8D-95B4-D084781033C4}.Debug|x86.Build.0 = Debug|x86
		{22A91F28-F083-4E8D-95B4-D084781033C4}.Release|Any CPU.ActiveCfg = Release|Any CPU
		{22A91F28-F083-4E8D-95B4-D084781033C4}.Release|Any CPU.Build.0 = Release|Any CPU
		{22A91F28-F083-4E8D-95B4-D084781033C4}.Release|x64.ActiveCfg = Release|x64
		{22A91F28-F083-4E8D-95B4-D084781033C4}.Release|x64.Build.0 = Release|x64
		{22A91F28-F083-4E8D-95B4-D084781033C4}.Release|x86.ActiveCfg = Release|x86
		{22A91F28-F083-4E8D-95B4-D084781033C4}.Release|x86.Build.0 = Release|x86
		{A917CB67-743A-4E26-9C38-0EDEEE57D4CF}.Debug|Any CPU.ActiveCfg = Debug|Any CPU
		{A917CB67-743A-4E26-9C38-0EDEEE57D4CF}.Debug|x64.ActiveCfg = Debug|Any CPU
		{A917CB67-743A-4E26-9C38-0EDEEE57D4CF}.Debug|x64.Build.0 = Debug|Any CPU
		{A917CB67-743A-4E26-9C38-0EDEEE57D4CF}.Debug|x86.ActiveCfg = Debug|Any CPU
		{A917CB67-743A-4E26-9C38-0EDEEE57D4CF}.Debug|x86.Build.0 = Debug|Any CPU
		{A917CB67-743A-4E26-9C38-0EDEEE57D4CF}.Release|Any CPU.ActiveCfg = Release|Any CPU
		{A917CB67-743A-4E26-9C38-0EDEEE57D4CF}.Release|Any CPU.Build.0 = Release|Any CPU
		{A917CB67-743A-4E26-9C38-0EDEEE57D4CF}.Release|x64.ActiveCfg = Release|Any CPU
		{A917CB67-743A-4E26-9C38-0EDEEE57D4CF}.Release|x64.Build.0 = Release|Any CPU
		{A917CB67-743A-4E26-9C38-0EDEEE57D4CF}.Release|x86.ActiveCfg = Release|Any CPU
		{A917CB67-743A-4E26-9C38-0EDEEE57D4CF}.Release|x86.Build.0 = Release|Any CPU
		{E0E43215-1358-4E08-861F-6E70197A6EE2}.Debug|Any CPU.ActiveCfg = Debug|Any CPU
		{E0E43215-1358-4E08-861F-6E70197A6EE2}.Debug|x64.ActiveCfg = Debug|Any CPU
		{E0E43215-1358-4E08-861F-6E70197A6EE2}.Debug|x64.Build.0 = Debug|Any CPU
		{E0E43215-1358-4E08-861F-6E70197A6EE2}.Debug|x86.ActiveCfg = Debug|Any CPU
		{E0E43215-1358-4E08-861F-6E70197A6EE2}.Debug|x86.Build.0 = Debug|Any CPU
		{E0E43215-1358-4E08-861F-6E70197A6EE2}.Release|Any CPU.ActiveCfg = Release|Any CPU
		{E0E43215-1358-4E08-861F-6E70197A6EE2}.Release|Any CPU.Build.0 = Release|Any CPU
		{E0E43215-1358-4E08-861F-6E70197A6EE2}.Release|x64.ActiveCfg = Release|Any CPU
		{E0E43215-1358-4E08-861F-6E70197A6EE2}.Release|x64.Build.0 = Release|Any CPU
		{E0E43215-1358-4E08-861F-6E70197A6EE2}.Release|x86.ActiveCfg = Release|Any CPU
		{E0E43215-1358-4E08-861F-6E70197A6EE2}.Release|x86.Build.0 = Release|Any CPU
		{C82809DD-084B-4C73-80F4-F3A87EA37382}.Debug|Any CPU.ActiveCfg = Debug|Any CPU
		{C82809DD-084B-4C73-80F4-F3A87EA37382}.Debug|x64.ActiveCfg = Debug|Any CPU
		{C82809DD-084B-4C73-80F4-F3A87EA37382}.Debug|x64.Build.0 = Debug|Any CPU
		{C82809DD-084B-4C73-80F4-F3A87EA37382}.Debug|x86.ActiveCfg = Debug|Any CPU
		{C82809DD-084B-4C73-80F4-F3A87EA37382}.Debug|x86.Build.0 = Debug|Any CPU
		{C82809DD-084B-4C73-80F4-F3A87EA37382}.Release|Any CPU.ActiveCfg = Release|Any CPU
		{C82809DD-084B-4C73-80F4-F3A87EA37382}.Release|Any CPU.Build.0 = Release|Any CPU
		{C82809DD-084B-4C73-80F4-F3A87EA37382}.Release|x64.ActiveCfg = Release|Any CPU
		{C82809DD-084B-4C73-80F4-F3A87EA37382}.Release|x64.Build.0 = Release|Any CPU
		{C82809DD-084B-4C73-80F4-F3A87EA37382}.Release|x86.ActiveCfg = Release|Any CPU
		{C82809DD-084B-4C73-80F4-F3A87EA37382}.Release|x86.Build.0 = Release|Any CPU
		{A3DE15F7-E921-4F72-98FD-B394F80F5960}.Debug|Any CPU.ActiveCfg = Debug|Any CPU
		{A3DE15F7-E921-4F72-98FD-B394F80F5960}.Debug|Any CPU.Build.0 = Debug|Any CPU
		{A3DE15F7-E921-4F72-98FD-B394F80F5960}.Debug|x64.ActiveCfg = Debug|Any CPU
		{A3DE15F7-E921-4F72-98FD-B394F80F5960}.Debug|x64.Build.0 = Debug|Any CPU
		{A3DE15F7-E921-4F72-98FD-B394F80F5960}.Debug|x86.ActiveCfg = Debug|Any CPU
		{A3DE15F7-E921-4F72-98FD-B394F80F5960}.Debug|x86.Build.0 = Debug|Any CPU
		{A3DE15F7-E921-4F72-98FD-B394F80F5960}.Release|Any CPU.ActiveCfg = Release|Any CPU
		{A3DE15F7-E921-4F72-98FD-B394F80F5960}.Release|Any CPU.Build.0 = Release|Any CPU
		{A3DE15F7-E921-4F72-98FD-B394F80F5960}.Release|x64.ActiveCfg = Release|Any CPU
		{A3DE15F7-E921-4F72-98FD-B394F80F5960}.Release|x64.Build.0 = Release|Any CPU
		{A3DE15F7-E921-4F72-98FD-B394F80F5960}.Release|x86.ActiveCfg = Release|Any CPU
		{A3DE15F7-E921-4F72-98FD-B394F80F5960}.Release|x86.Build.0 = Release|Any CPU
		{6D166FF5-9618-42E0-BACC-DA87D550EFEF}.Debug|Any CPU.ActiveCfg = Debug|Any CPU
		{6D166FF5-9618-42E0-BACC-DA87D550EFEF}.Debug|Any CPU.Build.0 = Debug|Any CPU
		{6D166FF5-9618-42E0-BACC-DA87D550EFEF}.Debug|x64.ActiveCfg = Debug|Any CPU
		{6D166FF5-9618-42E0-BACC-DA87D550EFEF}.Debug|x64.Build.0 = Debug|Any CPU
		{6D166FF5-9618-42E0-BACC-DA87D550EFEF}.Debug|x86.ActiveCfg = Debug|Any CPU
		{6D166FF5-9618-42E0-BACC-DA87D550EFEF}.Debug|x86.Build.0 = Debug|Any CPU
		{6D166FF5-9618-42E0-BACC-DA87D550EFEF}.Release|Any CPU.ActiveCfg = Release|Any CPU
		{6D166FF5-9618-42E0-BACC-DA87D550EFEF}.Release|Any CPU.Build.0 = Release|Any CPU
		{6D166FF5-9618-42E0-BACC-DA87D550EFEF}.Release|x64.ActiveCfg = Release|Any CPU
		{6D166FF5-9618-42E0-BACC-DA87D550EFEF}.Release|x64.Build.0 = Release|Any CPU
		{6D166FF5-9618-42E0-BACC-DA87D550EFEF}.Release|x86.ActiveCfg = Release|Any CPU
		{6D166FF5-9618-42E0-BACC-DA87D550EFEF}.Release|x86.Build.0 = Release|Any CPU
		{B9F18EBD-E2E9-4DF6-8853-FD49E2132329}.Debug|Any CPU.ActiveCfg = Debug|Any CPU
		{B9F18EBD-E2E9-4DF6-8853-FD49E2132329}.Debug|Any CPU.Build.0 = Debug|Any CPU
		{B9F18EBD-E2E9-4DF6-8853-FD49E2132329}.Debug|x64.ActiveCfg = Debug|Any CPU
		{B9F18EBD-E2E9-4DF6-8853-FD49E2132329}.Debug|x64.Build.0 = Debug|Any CPU
		{B9F18EBD-E2E9-4DF6-8853-FD49E2132329}.Debug|x86.ActiveCfg = Debug|Any CPU
		{B9F18EBD-E2E9-4DF6-8853-FD49E2132329}.Debug|x86.Build.0 = Debug|Any CPU
		{B9F18EBD-E2E9-4DF6-8853-FD49E2132329}.Release|Any CPU.ActiveCfg = Release|Any CPU
		{B9F18EBD-E2E9-4DF6-8853-FD49E2132329}.Release|Any CPU.Build.0 = Release|Any CPU
		{B9F18EBD-E2E9-4DF6-8853-FD49E2132329}.Release|x64.ActiveCfg = Release|Any CPU
		{B9F18EBD-E2E9-4DF6-8853-FD49E2132329}.Release|x64.Build.0 = Release|Any CPU
		{B9F18EBD-E2E9-4DF6-8853-FD49E2132329}.Release|x86.ActiveCfg = Release|Any CPU
		{B9F18EBD-E2E9-4DF6-8853-FD49E2132329}.Release|x86.Build.0 = Release|Any CPU
	EndGlobalSection
	GlobalSection(SolutionProperties) = preSolution
		HideSolutionNode = FALSE
	EndGlobalSection
	GlobalSection(ExtensibilityGlobals) = postSolution
		SolutionGuid = {87F11B8C-F050-49E2-9EFB-75D3E48A3086}
	EndGlobalSection
EndGlobal
